
Microsoft Visual Studio Solution File, Format Version 12.00
# Visual Studio Version 16
VisualStudioVersion = 16.0.29920.165
MinimumVisualStudioVersion = 10.0.40219.1
Project("{FAE04EC0-301F-11D3-BF4B-00C04F79EFBC}") = "DomingoRoofworksApp", "DomingoRoofworksApp.csproj", "{5EF1D78A-FEE9-46A1-A377-BEC622881C0A}"
EndProject
Global
	GlobalSection(SolutionConfigurationPlatforms) = preSolution
		Debug|Any CPU = Debug|Any CPU
		Release|Any CPU = Release|Any CPU
	EndGlobalSection
	GlobalSection(ProjectConfigurationPlatforms) = postSolution
		{5EF1D78A-FEE9-46A1-A377-BEC622881C0A}.Debug|Any CPU.ActiveCfg = Debug|Any CPU
		{5EF1D78A-FEE9-46A1-A377-BEC622881C0A}.Debug|Any CPU.Build.0 = Debug|Any CPU
		{5EF1D78A-FEE9-46A1-A377-BEC622881C0A}.Release|Any CPU.ActiveCfg = Release|Any CPU
		{5EF1D78A-FEE9-46A1-A377-BEC622881C0A}.Release|Any CPU.Build.0 = Release|Any CPU
	EndGlobalSection
	GlobalSection(SolutionProperties) = preSolution
		HideSolutionNode = FALSE
	EndGlobalSection
	GlobalSection(ExtensibilityGlobals) = postSolution
		SolutionGuid = {C33FF0A8-3056-46DD-8F21-B795298223C0}
	EndGlobalSection
EndGlobal
